
Microsoft Visual Studio Solution File, Format Version 12.00
# Visual Studio Version 16
VisualStudioVersion = 16.0.30523.141
MinimumVisualStudioVersion = 10.0.40219.1
Project("{FAE04EC0-301F-11D3-BF4B-00C04F79EFBC}") = "Modulzaro", "Modulzaro\Modulzaro.csproj", "{FAFB7A6E-6AF0-4414-AF6B-EBCD4253D9F7}"
EndProject
Global
	GlobalSection(SolutionConfigurationPlatforms) = preSolution
		Debug|Any CPU = Debug|Any CPU
		Release|Any CPU = Release|Any CPU
	EndGlobalSection
	GlobalSection(ProjectConfigurationPlatforms) = postSolution
		{FAFB7A6E-6AF0-4414-AF6B-EBCD4253D9F7}.Debug|Any CPU.ActiveCfg = Debug|Any CPU
		{FAFB7A6E-6AF0-4414-AF6B-EBCD4253D9F7}.Debug|Any CPU.Build.0 = Debug|Any CPU
		{FAFB7A6E-6AF0-4414-AF6B-EBCD4253D9F7}.Release|Any CPU.ActiveCfg = Release|Any CPU
		{FAFB7A6E-6AF0-4414-AF6B-EBCD4253D9F7}.Release|Any CPU.Build.0 = Release|Any CPU
	EndGlobalSection
	GlobalSection(SolutionProperties) = preSolution
		HideSolutionNode = FALSE
	EndGlobalSection
	GlobalSection(ExtensibilityGlobals) = postSolution
		SolutionGuid = {5F3F4B81-9A41-4F76-8BFE-F63C72DA6156}
	EndGlobalSection
EndGlobal
